
Microsoft Visual Studio Solution File, Format Version 12.00
# Visual Studio 15
VisualStudioVersion = 15.0.28307.438
MinimumVisualStudioVersion = 10.0.40219.1
Project("{FAE04EC0-301F-11D3-BF4B-00C04F79EFBC}") = "BackEnd", "BackEnd\BackEnd.csproj", "{0B2E0323-B2DF-4CEF-9C10-ECA37F457805}"
EndProject
Project("{FAE04EC0-301F-11D3-BF4B-00C04F79EFBC}") = "FrontEnd", "FrontEnd\FrontEnd.csproj", "{D0ECC551-643F-4145-8738-BC835E5CEEA2}"
EndProject
Global
	GlobalSection(SolutionConfigurationPlatforms) = preSolution
		Debug|Any CPU = Debug|Any CPU
		Release|Any CPU = Release|Any CPU
	EndGlobalSection
	GlobalSection(ProjectConfigurationPlatforms) = postSolution
		{0B2E0323-B2DF-4CEF-9C10-ECA37F457805}.Debug|Any CPU.ActiveCfg = Debug|Any CPU
		{0B2E0323-B2DF-4CEF-9C10-ECA37F457805}.Debug|Any CPU.Build.0 = Debug|Any CPU
		{0B2E0323-B2DF-4CEF-9C10-ECA37F457805}.Release|Any CPU.ActiveCfg = Release|Any CPU
		{0B2E0323-B2DF-4CEF-9C10-ECA37F457805}.Release|Any CPU.Build.0 = Release|Any CPU
		{D0ECC551-643F-4145-8738-BC835E5CEEA2}.Debug|Any CPU.ActiveCfg = Debug|Any CPU
		{D0ECC551-643F-4145-8738-BC835E5CEEA2}.Debug|Any CPU.Build.0 = Debug|Any CPU
		{D0ECC551-643F-4145-8738-BC835E5CEEA2}.Release|Any CPU.ActiveCfg = Release|Any CPU
		{D0ECC551-643F-4145-8738-BC835E5CEEA2}.Release|Any CPU.Build.0 = Release|Any CPU
	EndGlobalSection
	GlobalSection(SolutionProperties) = preSolution
		HideSolutionNode = FALSE
	EndGlobalSection
	GlobalSection(ExtensibilityGlobals) = postSolution
		SolutionGuid = {86093F54-E4C7-47C5-AE12-05A809964E14}
	EndGlobalSection
EndGlobal
